
Microsoft Visual Studio Solution File, Format Version 12.00
# Visual Studio Version 17
VisualStudioVersion = 17.9.34723.18
MinimumVisualStudioVersion = 10.0.40219.1
Project("{9A19103F-16F7-4668-BE54-9A1E7A4F7556}") = "物联网", "物联网.csproj", "{858538D2-C408-45C1-B6F0-FB39D5CF2D1D}"
EndProject
Project("{9A19103F-16F7-4668-BE54-9A1E7A4F7556}") = "物联网.Android", "..\物联网.Android\物联网.Android.csproj", "{1D42B9A2-5098-48FD-9862-08BAA8C5E9FC}"
EndProject
Project("{9A19103F-16F7-4668-BE54-9A1E7A4F7556}") = "物联网.Desktop", "..\物联网.Desktop\物联网.Desktop.csproj", "{A880F3F3-58F0-4DEF-B0E5-0DEF708B1714}"
EndProject
Global
	GlobalSection(SolutionConfigurationPlatforms) = preSolution
		Debug|Any CPU = Debug|Any CPU
		Release|Any CPU = Release|Any CPU
	EndGlobalSection
	GlobalSection(ProjectConfigurationPlatforms) = postSolution
		{858538D2-C408-45C1-B6F0-FB39D5CF2D1D}.Debug|Any CPU.ActiveCfg = Debug|Any CPU
		{858538D2-C408-45C1-B6F0-FB39D5CF2D1D}.Debug|Any CPU.Build.0 = Debug|Any CPU
		{858538D2-C408-45C1-B6F0-FB39D5CF2D1D}.Release|Any CPU.ActiveCfg = Release|Any CPU
		{858538D2-C408-45C1-B6F0-FB39D5CF2D1D}.Release|Any CPU.Build.0 = Release|Any CPU
		{1D42B9A2-5098-48FD-9862-08BAA8C5E9FC}.Debug|Any CPU.ActiveCfg = Debug|Any CPU
		{1D42B9A2-5098-48FD-9862-08BAA8C5E9FC}.Debug|Any CPU.Build.0 = Debug|Any CPU
		{1D42B9A2-5098-48FD-9862-08BAA8C5E9FC}.Debug|Any CPU.Deploy.0 = Debug|Any CPU
		{1D42B9A2-5098-48FD-9862-08BAA8C5E9FC}.Release|Any CPU.ActiveCfg = Release|Any CPU
		{1D42B9A2-5098-48FD-9862-08BAA8C5E9FC}.Release|Any CPU.Build.0 = Release|Any CPU
		{1D42B9A2-5098-48FD-9862-08BAA8C5E9FC}.Release|Any CPU.Deploy.0 = Release|Any CPU
		{A880F3F3-58F0-4DEF-B0E5-0DEF708B1714}.Debug|Any CPU.ActiveCfg = Debug|Any CPU
		{A880F3F3-58F0-4DEF-B0E5-0DEF708B1714}.Debug|Any CPU.Build.0 = Debug|Any CPU
		{A880F3F3-58F0-4DEF-B0E5-0DEF708B1714}.Release|Any CPU.ActiveCfg = Release|Any CPU
		{A880F3F3-58F0-4DEF-B0E5-0DEF708B1714}.Release|Any CPU.Build.0 = Release|Any CPU
	EndGlobalSection
	GlobalSection(SolutionProperties) = preSolution
		HideSolutionNode = FALSE
	EndGlobalSection
	GlobalSection(ExtensibilityGlobals) = postSolution
		SolutionGuid = {6EB00691-D292-4151-9167-4FEA6C0EBFF5}
	EndGlobalSection
EndGlobal
